{
  "name": "padolsey",
  "version": "2.0.0",
  "lockfileVersion": 2,
  "requires": true,
  "packages": {
    "": {
      "name": "padolsey",
      "version": "2.0.0",
      "license": "MIT",
      "dependencies": {
        "alea": "^1.0.1"
      },
      "devDependencies": {},
      "engines": {
        "node": ">=12.17"
      }
    },
    "node_modules/alea": {
      "version": "1.0.1",
      "resolved": "https://registry.npmjs.org/alea/-/alea-1.0.1.tgz",
      "integrity": "sha512-QU+wv+ziDXaMxRdsQg/aH7sVfWdhKps5YP97IIwFkHCsbDZA3k87JXoZ5/iuemf4ntytzIWeScrRpae8+lDrXA=="
    }
  },
  "dependencies": {
    "alea": {
      "version": "1.0.1",
      "resolved": "https://registry.npmjs.org/alea/-/alea-1.0.1.tgz",
      "integrity": "sha512-QU+wv+ziDXaMxRdsQg/aH7sVfWdhKps5YP97IIwFkHCsbDZA3k87JXoZ5/iuemf4ntytzIWeScrRpae8+lDrXA=="
    }
  }
}
